
Microsoft Visual Studio Solution File, Format Version 12.00
Project("{FAE04EC0-301F-11D3-BF4B-00C04F79EFBC}") = "RimworldPage", "RimworldPage\RimworldPage.csproj", "{EEEDF6F0-93A4-4934-A221-50F9D0DA4995}"
EndProject
Global
	GlobalSection(SolutionConfigurationPlatforms) = preSolution
		Debug|Any CPU = Debug|Any CPU
		Release|Any CPU = Release|Any CPU
	EndGlobalSection
	GlobalSection(ProjectConfigurationPlatforms) = postSolution
		{EEEDF6F0-93A4-4934-A221-50F9D0DA4995}.Debug|Any CPU.ActiveCfg = Debug|Any CPU
		{EEEDF6F0-93A4-4934-A221-50F9D0DA4995}.Debug|Any CPU.Build.0 = Debug|Any CPU
		{EEEDF6F0-93A4-4934-A221-50F9D0DA4995}.Release|Any CPU.ActiveCfg = Release|Any CPU
		{EEEDF6F0-93A4-4934-A221-50F9D0DA4995}.Release|Any CPU.Build.0 = Release|Any CPU
	EndGlobalSection
EndGlobal
